# @generated - this file is auto-generated by `mise lock` https://mise.jdx.dev/dev-tools/mise-lock.html

lockfile_version = 2

[conda-packages.linux-arm64."_openmp_mutex-4.5-20_gnu"]
url = "https://conda.anaconda.org/conda-forge/linux-aarch64/_openmp_mutex-4.5-20_gnu.conda"
checksum = "sha256:a2527b1d81792a0ccd2c05850960df119c2b6d8f5fdec97f2db7d25dc23b1068"

[conda-packages.linux-arm64."ca-certificates-2026.7.22-hbd8a1cb_0"]
url = "https://conda.anaconda.org/conda-forge/noarch/ca-certificates-2026.7.22-hbd8a1cb_0.conda"
checksum = "sha256:0a0544cf95f64394fe4959286f5c71f5444ad58feb0602e53becb27448d24da6"

[conda-packages.linux-arm64."libgcc-16.2.0-h205dda4_7"]
url = "https://conda.anaconda.org/conda-forge/linux-aarch64/libgcc-16.2.0-h205dda4_7.conda"
checksum = "sha256:eae7a3449d5a3b5351c5427137c076cc3fc826645c7bfc42dc10772b783826f1"

[conda-packages.linux-arm64."libgomp-16.2.0-h8acb6b2_7"]
url = "https://conda.anaconda.org/conda-forge/linux-aarch64/libgomp-16.2.0-h8acb6b2_7.conda"
checksum = "sha256:4406fd67c5beeb99b9372f9bf07aa3e40ca141e337eceebac3ff64aa72799494"

[conda-packages.linux-arm64."libjemalloc-5.4.0-h4154aff_0"]
url = "https://conda.anaconda.org/conda-forge/linux-aarch64/libjemalloc-5.4.0-h4154aff_0.conda"
checksum = "sha256:449859dca10a756d57bcd78fc83fad5bb7fc6e06a391dd3b8b5d02fd2b3ffe9b"

[conda-packages.linux-arm64."libstdcxx-16.2.0-hef695bb_7"]
url = "https://conda.anaconda.org/conda-forge/linux-aarch64/libstdcxx-16.2.0-hef695bb_7.conda"
checksum = "sha256:b241a3acfa9cdb1359112864a1241225533c92642de3000d52ae65ef5d3a9786"

[conda-packages.linux-arm64."openssl-3.6.4-he6ad1d5_0"]
url = "https://conda.anaconda.org/conda-forge/linux-aarch64/openssl-3.6.4-he6ad1d5_0.conda"
checksum = "sha256:a70c05a9baba9b1ce17c7e8b9479029372069b3bf402dbf200bc03696c531bed"

[conda-packages.linux-arm64-musl."_openmp_mutex-4.5-20_gnu"]
url = "https://conda.anaconda.org/conda-forge/linux-aarch64/_openmp_mutex-4.5-20_gnu.conda"
checksum = "sha256:a2527b1d81792a0ccd2c05850960df119c2b6d8f5fdec97f2db7d25dc23b1068"

[conda-packages.linux-arm64-musl."ca-certificates-2026.7.22-hbd8a1cb_0"]
url = "https://conda.anaconda.org/conda-forge/noarch/ca-certificates-2026.7.22-hbd8a1cb_0.conda"
checksum = "sha256:0a0544cf95f64394fe4959286f5c71f5444ad58feb0602e53becb27448d24da6"

[conda-packages.linux-arm64-musl."libgcc-16.2.0-h205dda4_7"]
url = "https://conda.anaconda.org/conda-forge/linux-aarch64/libgcc-16.2.0-h205dda4_7.conda"
checksum = "sha256:eae7a3449d5a3b5351c5427137c076cc3fc826645c7bfc42dc10772b783826f1"

[conda-packages.linux-arm64-musl."libgomp-16.2.0-h8acb6b2_7"]
url = "https://conda.anaconda.org/conda-forge/linux-aarch64/libgomp-16.2.0-h8acb6b2_7.conda"
checksum = "sha256:4406fd67c5beeb99b9372f9bf07aa3e40ca141e337eceebac3ff64aa72799494"

[conda-packages.linux-arm64-musl."libjemalloc-5.4.0-h4154aff_0"]
url = "https://conda.anaconda.org/conda-forge/linux-aarch64/libjemalloc-5.4.0-h4154aff_0.conda"
checksum = "sha256:449859dca10a756d57bcd78fc83fad5bb7fc6e06a391dd3b8b5d02fd2b3ffe9b"

[conda-packages.linux-arm64-musl."libstdcxx-16.2.0-hef695bb_7"]
url = "https://conda.anaconda.org/conda-forge/linux-aarch64/libstdcxx-16.2.0-hef695bb_7.conda"
checksum = "sha256:b241a3acfa9cdb1359112864a1241225533c92642de3000d52ae65ef5d3a9786"

[conda-packages.linux-arm64-musl."openssl-3.6.4-he6ad1d5_0"]
url = "https://conda.anaconda.org/conda-forge/linux-aarch64/openssl-3.6.4-he6ad1d5_0.conda"
checksum = "sha256:a70c05a9baba9b1ce17c7e8b9479029372069b3bf402dbf200bc03696c531bed"

[conda-packages.linux-x64."_openmp_mutex-4.5-20_gnu"]
url = "https://conda.anaconda.org/conda-forge/linux-64/_openmp_mutex-4.5-20_gnu.conda"
checksum = "sha256:1dd3fffd892081df9726d7eb7e0dea6198962ba775bd88842135a4ddb4deb3c9"

[conda-packages.linux-x64."ca-certificates-2026.7.22-hbd8a1cb_0"]
url = "https://conda.anaconda.org/conda-forge/noarch/ca-certificates-2026.7.22-hbd8a1cb_0.conda"
checksum = "sha256:0a0544cf95f64394fe4959286f5c71f5444ad58feb0602e53becb27448d24da6"

[conda-packages.linux-x64."libgcc-16.2.0-ha9f2e26_7"]
url = "https://conda.anaconda.org/conda-forge/linux-64/libgcc-16.2.0-ha9f2e26_7.conda"
checksum = "sha256:e031634c3a928f9594eba868bc46ef5230d6571a364a0c63215b06c4563bfcea"

[conda-packages.linux-x64."libgomp-16.2.0-he0feb66_7"]
url = "https://conda.anaconda.org/conda-forge/linux-64/libgomp-16.2.0-he0feb66_7.conda"
checksum = "sha256:92a0bb350c7be6a4eedcb4e111c60aefd176018e6b1c009a6e025dbe9bbcd758"

[conda-packages.linux-x64."libjemalloc-5.4.0-hd2095e1_0"]
url = "https://conda.anaconda.org/conda-forge/linux-64/libjemalloc-5.4.0-hd2095e1_0.conda"
checksum = "sha256:e95934d331b8594c419fb914eab4478c08ea8c331db721dde4ab70ed2bca8ee4"

[conda-packages.linux-x64."libstdcxx-16.2.0-h934c35e_7"]
url = "https://conda.anaconda.org/conda-forge/linux-64/libstdcxx-16.2.0-h934c35e_7.conda"
checksum = "sha256:fa7018298629fc429971fffd6ecba3d27a7b02e4e890d6a93ea01ffebe8cb745"

[conda-packages.linux-x64."openssl-3.6.4-h781a0a9_0"]
url = "https://conda.anaconda.org/conda-forge/linux-64/openssl-3.6.4-h781a0a9_0.conda"
checksum = "sha256:4747b2d6a8336f52343bceb8a1ebf41a9e6e665b9d2e3f989972de53a310599e"

[conda-packages.linux-x64-musl."_openmp_mutex-4.5-20_gnu"]
url = "https://conda.anaconda.org/conda-forge/linux-64/_openmp_mutex-4.5-20_gnu.conda"
checksum = "sha256:1dd3fffd892081df9726d7eb7e0dea6198962ba775bd88842135a4ddb4deb3c9"

[conda-packages.linux-x64-musl."ca-certificates-2026.7.22-hbd8a1cb_0"]
url = "https://conda.anaconda.org/conda-forge/noarch/ca-certificates-2026.7.22-hbd8a1cb_0.conda"
checksum = "sha256:0a0544cf95f64394fe4959286f5c71f5444ad58feb0602e53becb27448d24da6"

[conda-packages.linux-x64-musl."libgcc-16.2.0-ha9f2e26_7"]
url = "https://conda.anaconda.org/conda-forge/linux-64/libgcc-16.2.0-ha9f2e26_7.conda"
checksum = "sha256:e031634c3a928f9594eba868bc46ef5230d6571a364a0c63215b06c4563bfcea"

[conda-packages.linux-x64-musl."libgomp-16.2.0-he0feb66_7"]
url = "https://conda.anaconda.org/conda-forge/linux-64/libgomp-16.2.0-he0feb66_7.conda"
checksum = "sha256:92a0bb350c7be6a4eedcb4e111c60aefd176018e6b1c009a6e025dbe9bbcd758"

[conda-packages.linux-x64-musl."libjemalloc-5.4.0-hd2095e1_0"]
url = "https://conda.anaconda.org/conda-forge/linux-64/libjemalloc-5.4.0-hd2095e1_0.conda"
checksum = "sha256:e95934d331b8594c419fb914eab4478c08ea8c331db721dde4ab70ed2bca8ee4"

[conda-packages.linux-x64-musl."libstdcxx-16.2.0-h934c35e_7"]
url = "https://conda.anaconda.org/conda-forge/linux-64/libstdcxx-16.2.0-h934c35e_7.conda"
checksum = "sha256:fa7018298629fc429971fffd6ecba3d27a7b02e4e890d6a93ea01ffebe8cb745"

[conda-packages.linux-x64-musl."openssl-3.6.4-h781a0a9_0"]
url = "https://conda.anaconda.org/conda-forge/linux-64/openssl-3.6.4-h781a0a9_0.conda"
checksum = "sha256:4747b2d6a8336f52343bceb8a1ebf41a9e6e665b9d2e3f989972de53a310599e"

[conda-packages.macos-arm64."ca-certificates-2026.7.22-hbd8a1cb_0"]
url = "https://conda.anaconda.org/conda-forge/noarch/ca-certificates-2026.7.22-hbd8a1cb_0.conda"
checksum = "sha256:0a0544cf95f64394fe4959286f5c71f5444ad58feb0602e53becb27448d24da6"

[conda-packages.macos-arm64."libcxx-23.1.2-h55c6f16_0"]
url = "https://conda.anaconda.org/conda-forge/osx-arm64/libcxx-23.1.2-h55c6f16_0.conda"
checksum = "sha256:087a610bacee7901d259ef72c6f060d795ab26831bd7541ba75ced786a5a63f9"

[conda-packages.macos-arm64."libjemalloc-5.4.0-h6111c0a_0"]
url = "https://conda.anaconda.org/conda-forge/osx-arm64/libjemalloc-5.4.0-h6111c0a_0.conda"
checksum = "sha256:19fc8a12343b6f0af378fdf4574c444016050eb1a9b4fdb588b86e0e14a14f66"

[conda-packages.macos-arm64."openssl-3.6.4-h55eecbc_0"]
url = "https://conda.anaconda.org/conda-forge/osx-arm64/openssl-3.6.4-h55eecbc_0.conda"
checksum = "sha256:f23239eacd75c4c50705e68fae1aa3292da473e6a3a4abe2330f1e6afa680704"

[conda-packages.macos-x64."ca-certificates-2026.7.22-hbd8a1cb_0"]
url = "https://conda.anaconda.org/conda-forge/noarch/ca-certificates-2026.7.22-hbd8a1cb_0.conda"
checksum = "sha256:0a0544cf95f64394fe4959286f5c71f5444ad58feb0602e53becb27448d24da6"

[conda-packages.macos-x64."libcxx-23.1.2-h19cb2f5_0"]
url = "https://conda.anaconda.org/conda-forge/osx-64/libcxx-23.1.2-h19cb2f5_0.conda"
checksum = "sha256:0ad8c788c3681674f100820cf5e76fcc8ec88502e7aa64f4776581985009a7be"

[conda-packages.macos-x64."libjemalloc-5.4.0-h6e061ac_0"]
url = "https://conda.anaconda.org/conda-forge/osx-64/libjemalloc-5.4.0-h6e061ac_0.conda"
checksum = "sha256:2917501b17a97342c2623d3c3384523c3d00857fdca127e171bd95a90143a9b6"

[conda-packages.macos-x64."openssl-3.6.4-h332eb6d_0"]
url = "https://conda.anaconda.org/conda-forge/osx-64/openssl-3.6.4-h332eb6d_0.conda"
checksum = "sha256:73d648d24f0994fd8641972848d74bd57b8d80888a64600643e3fe88a1b50545"

[[tools.redis]]
version = "8.10.1"
backend = "conda:redis-server"
specifiers = ["8.10"]

[tools.redis.options]
channel = "conda-forge"

[tools.redis."platforms.linux-arm64"]
checksum = "sha256:6d2d8f493817de26bdb199e548d66b7f285fa7ac5c80acc4a9c900b3f7d01343"
url = "https://conda.anaconda.org/conda-forge/linux-aarch64/redis-server-8.10.1-hbee9050_0.conda"
conda_deps = [
    "libgcc-16.2.0-h205dda4_7",
    "libstdcxx-16.2.0-hef695bb_7",
    "libjemalloc-5.4.0-h4154aff_0",
    "openssl-3.6.4-he6ad1d5_0",
    "_openmp_mutex-4.5-20_gnu",
    "libgomp-16.2.0-h8acb6b2_7",
    "ca-certificates-2026.7.22-hbd8a1cb_0",
]

[tools.redis."platforms.linux-arm64-musl"]
checksum = "sha256:6d2d8f493817de26bdb199e548d66b7f285fa7ac5c80acc4a9c900b3f7d01343"
url = "https://conda.anaconda.org/conda-forge/linux-aarch64/redis-server-8.10.1-hbee9050_0.conda"
conda_deps = [
    "libgcc-16.2.0-h205dda4_7",
    "libstdcxx-16.2.0-hef695bb_7",
    "libjemalloc-5.4.0-h4154aff_0",
    "openssl-3.6.4-he6ad1d5_0",
    "_openmp_mutex-4.5-20_gnu",
    "libgomp-16.2.0-h8acb6b2_7",
    "ca-certificates-2026.7.22-hbd8a1cb_0",
]

[tools.redis."platforms.linux-x64"]
checksum = "sha256:02cb1917359fd7fa7b925070c8d7e3399ab46871ae08ea30c442c1a171667a95"
url = "https://conda.anaconda.org/conda-forge/linux-64/redis-server-8.10.1-h002c45c_0.conda"
conda_deps = [
    "libgcc-16.2.0-ha9f2e26_7",
    "libstdcxx-16.2.0-h934c35e_7",
    "openssl-3.6.4-h781a0a9_0",
    "libjemalloc-5.4.0-hd2095e1_0",
    "_openmp_mutex-4.5-20_gnu",
    "libgomp-16.2.0-he0feb66_7",
    "ca-certificates-2026.7.22-hbd8a1cb_0",
]

[tools.redis."platforms.linux-x64-musl"]
checksum = "sha256:02cb1917359fd7fa7b925070c8d7e3399ab46871ae08ea30c442c1a171667a95"
url = "https://conda.anaconda.org/conda-forge/linux-64/redis-server-8.10.1-h002c45c_0.conda"
conda_deps = [
    "libgcc-16.2.0-ha9f2e26_7",
    "libstdcxx-16.2.0-h934c35e_7",
    "openssl-3.6.4-h781a0a9_0",
    "libjemalloc-5.4.0-hd2095e1_0",
    "_openmp_mutex-4.5-20_gnu",
    "libgomp-16.2.0-he0feb66_7",
    "ca-certificates-2026.7.22-hbd8a1cb_0",
]

[tools.redis."platforms.macos-arm64"]
checksum = "sha256:b738ec1162eba11b6e1e2ce391710932d2e3907592a407dc18661b1cbc25e743"
url = "https://conda.anaconda.org/conda-forge/osx-arm64/redis-server-8.10.1-h7f7f723_0.conda"
conda_deps = [
    "libcxx-23.1.2-h55c6f16_0",
    "libjemalloc-5.4.0-h6111c0a_0",
    "openssl-3.6.4-h55eecbc_0",
    "ca-certificates-2026.7.22-hbd8a1cb_0",
]

[tools.redis."platforms.macos-x64"]
checksum = "sha256:d298b33417a7d811c8f54a0fca124843067dd690e0cbf31e7cd7bf46a0ed7fba"
url = "https://conda.anaconda.org/conda-forge/osx-64/redis-server-8.10.1-ha6f107a_0.conda"
conda_deps = [
    "libcxx-23.1.2-h19cb2f5_0",
    "libjemalloc-5.4.0-h6e061ac_0",
    "openssl-3.6.4-h332eb6d_0",
    "ca-certificates-2026.7.22-hbd8a1cb_0",
]
